schema: '2.0'
stages:
  make_dataset:
    cmd: python src/data/make_dataset.py
    deps:
    - path: configs/config.yaml
      hash: md5
      md5: d0ef7abf6ff86515f0899111a9ad1d3e
      size: 1241
    - path: configs/dataset/kaggle.yaml
      hash: md5
      md5: 47e7ad58e10c71f7526bb8a772d8eede
      size: 87
    - path: src/data/make_dataset.py
      hash: md5
      md5: c0794b63eba40c6ead8fd947f0fcb073
      size: 1688
    outs:
    - path: data/raw/telco_customer_churn.csv
      hash: md5
      md5: 0f9de68e012bd3aed5fa7cdc9fc421af
      size: 977501
  preprocessing:
    cmd: python src/data/preprocessing.py
    deps:
    - path: configs/config.yaml
      hash: md5
      md5: d0ef7abf6ff86515f0899111a9ad1d3e
      size: 1241
    - path: data/raw/telco_customer_churn.csv
      hash: md5
      md5: 0f9de68e012bd3aed5fa7cdc9fc421af
      size: 977501
    - path: src/data/preprocessing.py
      hash: md5
      md5: f0094fa0877f6f2368af64e91f0183a0
      size: 4051
    outs:
    - path: data/processed/churn_features.parquet
      hash: md5
      md5: 2081fec2ce02e21b18df0f6c642471ab
      size: 59514
  train:
    cmd: python src/models/train.py
    deps:
    - path: configs/config.yaml
      hash: md5
      md5: d0ef7abf6ff86515f0899111a9ad1d3e
      size: 1241
    - path: configs/model/lightgbm.yaml
      hash: md5
      md5: 9a49e3adde0f119c5a106c3cf6d38cdc
      size: 249
    - path: data/processed/churn_features.parquet
      hash: md5
      md5: 2081fec2ce02e21b18df0f6c642471ab
      size: 59514
    - path: src/models/train.py
      hash: md5
      md5: fef1865e5a1b2b88e6419f2b17833eaf
      size: 3791
    outs:
    - path: models/lightgbm.pkl
      hash: md5
      md5: 851114f8341040cdb970a0e1a1c3951e
      size: 660544
  evaluate:
    cmd: python src/models/evaluate.py
    deps:
    - path: configs/config.yaml
      hash: md5
      md5: d0ef7abf6ff86515f0899111a9ad1d3e
      size: 1241
    - path: data/processed/churn_features.parquet
      hash: md5
      md5: 2081fec2ce02e21b18df0f6c642471ab
      size: 59514
    - path: models/lightgbm.pkl
      hash: md5
      md5: 851114f8341040cdb970a0e1a1c3951e
      size: 660544
    - path: src/models/evaluate.py
      hash: md5
      md5: 97ed92cfa3ae7256102d8bba41844965
      size: 3582
    outs:
    - path: artifacts/shap_beeswarm.png
      hash: md5
      md5: 9acd16ebe99f167fc3d2627e7c870500
      size: 126088
    - path: artifacts/shap_summary.png
      hash: md5
      md5: f8dfc24eb9a91221c0fb790ddea8ff3e
      size: 106254
    - path: artifacts/shap_values.npy
      hash: md5
      md5: 25fe5ec384d713633c972cde3596b38d
      size: 248112
